<?xml version="1.0" encoding="utf-8"?>
<Project ToolsVersion="4.0" xmlns="http://schemas.microsoft.com/developer/msbuild/2003">
  <ItemGroup>
    <Filter Include="Source Files">
      <UniqueIdentifier>{4FC737F1-C7A5-4376-A066-2A32D752A2FF}</UniqueIdentifier>
      <Extensions>cpp;c;cc;cxx;def;odl;idl;hpj;bat;asm;asmx</Extensions>
    </Filter>
    <Filter Include="Header Files">
      <UniqueIdentifier>{93995380-89BD-4b04-88EB-625FBE52EBFB}</UniqueIdentifier>
      <Extensions>h;hh;hpp;hxx;hm;inl;inc;xsd</Extensions>
    </Filter>
    <Filter Include="Resource Files">
      <UniqueIdentifier>{67DA6AB6-F800-4c08-8B7A-83BB121AAD01}</UniqueIdentifier>
      <Extensions>rc;ico;cur;bmp;dlg;rc2;rct;bin;rgs;gif;jpg;jpeg;jpe;resx;tiff;tif;png;wav;mfcribbon-ms</Extensions>
    </Filter>
  </ItemGroup>
  <ItemGroup>
    <ClCompile Include="main.cpp">
      <Filter>Source Files</Filter>
    </ClCompile>
    <ClCompile Include="TestModule.cpp">
      <Filter>Source Files</Filter>
    </ClCompile>
    <ClCompile Include="QRdetector.cpp">
      <Filter>Source Files</Filter>
    </ClCompile>
    <ClCompile Include="FinderPattern.cpp">
      <Filter>Source Files</Filter>
    </ClCompile>
    <ClCompile Include="QrDetectorMod.cpp">
      <Filter>Source Files</Filter>
    </ClCompile>
  </ItemGroup>
  <ItemGroup>
    <Image Include="Images\QRbook.jpg">
      <Filter>Resource Files</Filter>
    </Image>
    <Image Include="Images\qrcode.png">
      <Filter>Resource Files</Filter>
    </Image>
    <Image Include="Images\QRcode1.jpg">
      <Filter>Resource Files</Filter>
    </Image>
    <Image Include="Images\SMS.jpeg">
      <Filter>Resource Files</Filter>
    </Image>
    <Image Include="Images\1.jpg">
      <Filter>Resource Files</Filter>
    </Image>
    <Image Include="Images\2.jpg">
      <Filter>Resource Files</Filter>
    </Image>
    <Image Include="Images\3.jpg">
      <Filter>Resource Files</Filter>
    </Image>
    <Image Include="Images\4.jpg">
      <Filter>Resource Files</Filter>
    </Image>
    <Image Include="Images\5.jpg">
      <Filter>Resource Files</Filter>
    </Image>
    <Image Include="Images\6.jpg">
      <Filter>Resource Files</Filter>
    </Image>
    <Image Include="Images\7.jpg">
      <Filter>Resource Files</Filter>
    </Image>
    <Image Include="Images\8.jpg">
      <Filter>Resource Files</Filter>
    </Image>
    <Image Include="Images\9.jpg">
      <Filter>Resource Files</Filter>
    </Image>
    <Image Include="Images\10.jpg">
      <Filter>Resource Files</Filter>
    </Image>
    <Image Include="Images\11.jpg">
      <Filter>Resource Files</Filter>
    </Image>
    <Image Include="Images\12.jpg">
      <Filter>Resource Files</Filter>
    </Image>
    <Image Include="Images\13.jpg">
      <Filter>Resource Files</Filter>
    </Image>
    <Image Include="Images\14.jpg">
      <Filter>Resource Files</Filter>
    </Image>
    <Image Include="Images\15.jpg">
      <Filter>Resource Files</Filter>
    </Image>
    <Image Include="Images\16.jpg">
      <Filter>Resource Files</Filter>
    </Image>
    <Image Include="Images\17.jpg">
      <Filter>Resource Files</Filter>
    </Image>
    <Image Include="Images\18.jpg">
      <Filter>Resource Files</Filter>
    </Image>
    <Image Include="Images\19.jpg">
      <Filter>Resource Files</Filter>
    </Image>
    <Image Include="Images\20.jpg">
      <Filter>Resource Files</Filter>
    </Image>
  </ItemGroup>
  <ItemGroup>
    <ClInclude Include="TestModule.h">
      <Filter>Header Files</Filter>
    </ClInclude>
    <ClInclude Include="QRdetector.h">
      <Filter>Header Files</Filter>
    </ClInclude>
    <ClInclude Include="FinderPattern.h">
      <Filter>Header Files</Filter>
    </ClInclude>
    <ClInclude Include="QrDetectorMod.h">
      <Filter>Header Files</Filter>
    </ClInclude>
  </ItemGroup>
</Project>